
Microsoft Visual Studio Solution File, Format Version 12.00
# Visual Studio Version 16
VisualStudioVersion = 16.0.29503.13
MinimumVisualStudioVersion = 10.0.40219.1
Project("{FAE04EC0-301F-11D3-BF4B-00C04F79EFBC}") = "HomeWork14", "HomeWork14\HomeWork14.csproj", "{4EB6CB6A-2CDA-4106-95A3-51A5B0041155}"
EndProject
Global
	GlobalSection(SolutionConfigurationPlatforms) = preSolution
		Debug|Any CPU = Debug|Any CPU
		Release|Any CPU = Release|Any CPU
	EndGlobalSection
	GlobalSection(ProjectConfigurationPlatforms) = postSolution
		{4EB6CB6A-2CDA-4106-95A3-51A5B0041155}.Debug|Any CPU.ActiveCfg = Debug|Any CPU
		{4EB6CB6A-2CDA-4106-95A3-51A5B0041155}.Debug|Any CPU.Build.0 = Debug|Any CPU
		{4EB6CB6A-2CDA-4106-95A3-51A5B0041155}.Release|Any CPU.ActiveCfg = Release|Any CPU
		{4EB6CB6A-2CDA-4106-95A3-51A5B0041155}.Release|Any CPU.Build.0 = Release|Any CPU
	EndGlobalSection
	GlobalSection(SolutionProperties) = preSolution
		HideSolutionNode = FALSE
	EndGlobalSection
	GlobalSection(ExtensibilityGlobals) = postSolution
		SolutionGuid = {25E0F870-51CD-4698-90CB-2B7DC6F87C78}
	EndGlobalSection
EndGlobal
