
Microsoft Visual Studio Solution File, Format Version 12.00
# Visual Studio Version 16
VisualStudioVersion = 16.0.29503.13
MinimumVisualStudioVersion = 10.0.40219.1
Project("{9A19103F-16F7-4668-BE54-9A1E7A4F7556}") = "Reminder.Storage", "Reminder.Storage\Reminder.Storage.csproj", "{C8BE3E31-6803-44B3-99C2-32495FBCD7F6}"
EndProject
Project("{9A19103F-16F7-4668-BE54-9A1E7A4F7556}") = "Reminder.Storage.Memory", "Reminder.Storage.Memory\Reminder.Storage.Memory.csproj", "{F0EAAC0E-B019-4431-B611-631C13DD5CFD}"
EndProject
Project("{2150E333-8FDC-42A3-9474-1A3956D46DE8}") = "app", "app", "{879C3958-E8F1-452F-A2DE-C1626F78B87F}"
EndProject
Project("{2150E333-8FDC-42A3-9474-1A3956D46DE8}") = "test", "test", "{9D9BC7FB-E0E2-4645-A1B9-237168DB6FAC}"
EndProject
Project("{9A19103F-16F7-4668-BE54-9A1E7A4F7556}") = "Reminder.Storage.Memory.Test", "Reminder.Storage.Memory.Test\Reminder.Storage.Memory.Test.csproj", "{60C6C43A-6CC0-4FAF-8656-83A2A6ADFF25}"
EndProject
Project("{9A19103F-16F7-4668-BE54-9A1E7A4F7556}") = "Reminder.Domain", "Reminder.Domain\Reminder.Domain.csproj", "{7EC8E095-0250-4791-8C69-23B580B907C4}"
EndProject
Project("{9A19103F-16F7-4668-BE54-9A1E7A4F7556}") = "Reminder", "Reminder\Reminder.csproj", "{8D130EAD-5FE0-49ED-BD4F-5164BDF26C39}"
EndProject
Project("{9A19103F-16F7-4668-BE54-9A1E7A4F7556}") = "Reminder.Sender", "Reminder.Sender\Reminder.Sender.csproj", "{188F47E3-24CF-4EE3-AF5D-1CF69B3AD9D9}"
EndProject
Project("{9A19103F-16F7-4668-BE54-9A1E7A4F7556}") = "Reminder.Receiver", "Reminder.Receiver\Reminder.Receiver.csproj", "{8AB64663-F514-46E2-9DB4-D3CA86084333}"
EndProject
Project("{9A19103F-16F7-4668-BE54-9A1E7A4F7556}") = "Reminder.Domain.Tests", "Reminder.Domain.Tests\Reminder.Domain.Tests.csproj", "{63FBA6FC-2DD6-47AF-BAF2-C3AEDA87CAF9}"
EndProject
Project("{FAE04EC0-301F-11D3-BF4B-00C04F79EFBC}") = "Reminder.Sender.Telegram", "Reminder.Sender.Telegram\Reminder.Sender.Telegram.csproj", "{9E669F2B-272C-488E-9DB1-8F131305EA49}"
EndProject
Project("{FAE04EC0-301F-11D3-BF4B-00C04F79EFBC}") = "Reminder.Receiver.Telegram", "Reminder.Receiver.Telegram\Reminder.Receiver.Telegram.csproj", "{1CCF7DA6-DF52-447B-B41A-7FD288F555F5}"
EndProject
Global
	GlobalSection(SolutionConfigurationPlatforms) = preSolution
		Debug|Any CPU = Debug|Any CPU
		Release|Any CPU = Release|Any CPU
	EndGlobalSection
	GlobalSection(ProjectConfigurationPlatforms) = postSolution
		{C8BE3E31-6803-44B3-99C2-32495FBCD7F6}.Debug|Any CPU.ActiveCfg = Debug|Any CPU
		{C8BE3E31-6803-44B3-99C2-32495FBCD7F6}.Debug|Any CPU.Build.0 = Debug|Any CPU
		{C8BE3E31-6803-44B3-99C2-32495FBCD7F6}.Release|Any CPU.ActiveCfg = Release|Any CPU
		{C8BE3E31-6803-44B3-99C2-32495FBCD7F6}.Release|Any CPU.Build.0 = Release|Any CPU
		{F0EAAC0E-B019-4431-B611-631C13DD5CFD}.Debug|Any CPU.ActiveCfg = Debug|Any CPU
		{F0EAAC0E-B019-4431-B611-631C13DD5CFD}.Debug|Any CPU.Build.0 = Debug|Any CPU
		{F0EAAC0E-B019-4431-B611-631C13DD5CFD}.Release|Any CPU.ActiveCfg = Release|Any CPU
		{F0EAAC0E-B019-4431-B611-631C13DD5CFD}.Release|Any CPU.Build.0 = Release|Any CPU
		{60C6C43A-6CC0-4FAF-8656-83A2A6ADFF25}.Debug|Any CPU.ActiveCfg = Debug|Any CPU
		{60C6C43A-6CC0-4FAF-8656-83A2A6ADFF25}.Debug|Any CPU.Build.0 = Debug|Any CPU
		{60C6C43A-6CC0-4FAF-8656-83A2A6ADFF25}.Release|Any CPU.ActiveCfg = Release|Any CPU
		{60C6C43A-6CC0-4FAF-8656-83A2A6ADFF25}.Release|Any CPU.Build.0 = Release|Any CPU
		{7EC8E095-0250-4791-8C69-23B580B907C4}.Debug|Any CPU.ActiveCfg = Debug|Any CPU
		{7EC8E095-0250-4791-8C69-23B580B907C4}.Debug|Any CPU.Build.0 = Debug|Any CPU
		{7EC8E095-0250-4791-8C69-23B580B907C4}.Release|Any CPU.ActiveCfg = Release|Any CPU
		{7EC8E095-0250-4791-8C69-23B580B907C4}.Release|Any CPU.Build.0 = Release|Any CPU
		{8D130EAD-5FE0-49ED-BD4F-5164BDF26C39}.Debug|Any CPU.ActiveCfg = Debug|Any CPU
		{8D130EAD-5FE0-49ED-BD4F-5164BDF26C39}.Debug|Any CPU.Build.0 = Debug|Any CPU
		{8D130EAD-5FE0-49ED-BD4F-5164BDF26C39}.Release|Any CPU.ActiveCfg = Release|Any CPU
		{8D130EAD-5FE0-49ED-BD4F-5164BDF26C39}.Release|Any CPU.Build.0 = Release|Any CPU
		{188F47E3-24CF-4EE3-AF5D-1CF69B3AD9D9}.Debug|Any CPU.ActiveCfg = Debug|Any CPU
		{188F47E3-24CF-4EE3-AF5D-1CF69B3AD9D9}.Debug|Any CPU.Build.0 = Debug|Any CPU
		{188F47E3-24CF-4EE3-AF5D-1CF69B3AD9D9}.Release|Any CPU.ActiveCfg = Release|Any CPU
		{188F47E3-24CF-4EE3-AF5D-1CF69B3AD9D9}.Release|Any CPU.Build.0 = Release|Any CPU
		{8AB64663-F514-46E2-9DB4-D3CA86084333}.Debug|Any CPU.ActiveCfg = Debug|Any CPU
		{8AB64663-F514-46E2-9DB4-D3CA86084333}.Debug|Any CPU.Build.0 = Debug|Any CPU
		{8AB64663-F514-46E2-9DB4-D3CA86084333}.Release|Any CPU.ActiveCfg = Release|Any CPU
		{8AB64663-F514-46E2-9DB4-D3CA86084333}.Release|Any CPU.Build.0 = Release|Any CPU
		{63FBA6FC-2DD6-47AF-BAF2-C3AEDA87CAF9}.Debug|Any CPU.ActiveCfg = Debug|Any CPU
		{63FBA6FC-2DD6-47AF-BAF2-C3AEDA87CAF9}.Debug|Any CPU.Build.0 = Debug|Any CPU
		{63FBA6FC-2DD6-47AF-BAF2-C3AEDA87CAF9}.Release|Any CPU.ActiveCfg = Release|Any CPU
		{63FBA6FC-2DD6-47AF-BAF2-C3AEDA87CAF9}.Release|Any CPU.Build.0 = Release|Any CPU
		{9E669F2B-272C-488E-9DB1-8F131305EA49}.Debug|Any CPU.ActiveCfg = Debug|Any CPU
		{9E669F2B-272C-488E-9DB1-8F131305EA49}.Debug|Any CPU.Build.0 = Debug|Any CPU
		{9E669F2B-272C-488E-9DB1-8F131305EA49}.Release|Any CPU.ActiveCfg = Release|Any CPU
		{9E669F2B-272C-488E-9DB1-8F131305EA49}.Release|Any CPU.Build.0 = Release|Any CPU
		{1CCF7DA6-DF52-447B-B41A-7FD288F555F5}.Debug|Any CPU.ActiveCfg = Debug|Any CPU
		{1CCF7DA6-DF52-447B-B41A-7FD288F555F5}.Debug|Any CPU.Build.0 = Debug|Any CPU
		{1CCF7DA6-DF52-447B-B41A-7FD288F555F5}.Release|Any CPU.ActiveCfg = Release|Any CPU
		{1CCF7DA6-DF52-447B-B41A-7FD288F555F5}.Release|Any CPU.Build.0 = Release|Any CPU
	EndGlobalSection
	GlobalSection(SolutionProperties) = preSolution
		HideSolutionNode = FALSE
	EndGlobalSection
	GlobalSection(NestedProjects) = preSolution
		{C8BE3E31-6803-44B3-99C2-32495FBCD7F6} = {879C3958-E8F1-452F-A2DE-C1626F78B87F}
		{F0EAAC0E-B019-4431-B611-631C13DD5CFD} = {879C3958-E8F1-452F-A2DE-C1626F78B87F}
		{60C6C43A-6CC0-4FAF-8656-83A2A6ADFF25} = {9D9BC7FB-E0E2-4645-A1B9-237168DB6FAC}
		{7EC8E095-0250-4791-8C69-23B580B907C4} = {879C3958-E8F1-452F-A2DE-C1626F78B87F}
		{8D130EAD-5FE0-49ED-BD4F-5164BDF26C39} = {879C3958-E8F1-452F-A2DE-C1626F78B87F}
		{188F47E3-24CF-4EE3-AF5D-1CF69B3AD9D9} = {879C3958-E8F1-452F-A2DE-C1626F78B87F}
		{8AB64663-F514-46E2-9DB4-D3CA86084333} = {879C3958-E8F1-452F-A2DE-C1626F78B87F}
		{63FBA6FC-2DD6-47AF-BAF2-C3AEDA87CAF9} = {9D9BC7FB-E0E2-4645-A1B9-237168DB6FAC}
		{9E669F2B-272C-488E-9DB1-8F131305EA49} = {879C3958-E8F1-452F-A2DE-C1626F78B87F}
		{1CCF7DA6-DF52-447B-B41A-7FD288F555F5} = {879C3958-E8F1-452F-A2DE-C1626F78B87F}
	EndGlobalSection
	GlobalSection(ExtensibilityGlobals) = postSolution
		SolutionGuid = {676839D5-5B99-4CD8-86B0-4A40D26F8B07}
	EndGlobalSection
EndGlobal
