
Microsoft Visual Studio Solution File, Format Version 12.00
# Visual Studio Version 16
VisualStudioVersion = 16.0.29403.142
MinimumVisualStudioVersion = 10.0.40219.1
Project("{FAE04EC0-301F-11D3-BF4B-00C04F79EFBC}") = "ClassWork15", "ClassWork15\ClassWork15.csproj", "{8C096F11-30F2-481C-8764-1D92D0B5A2E3}"
EndProject
Global
	GlobalSection(SolutionConfigurationPlatforms) = preSolution
		Debug|Any CPU = Debug|Any CPU
		Release|Any CPU = Release|Any CPU
	EndGlobalSection
	GlobalSection(ProjectConfigurationPlatforms) = postSolution
		{8C096F11-30F2-481C-8764-1D92D0B5A2E3}.Debug|Any CPU.ActiveCfg = Debug|Any CPU
		{8C096F11-30F2-481C-8764-1D92D0B5A2E3}.Debug|Any CPU.Build.0 = Debug|Any CPU
		{8C096F11-30F2-481C-8764-1D92D0B5A2E3}.Release|Any CPU.ActiveCfg = Release|Any CPU
		{8C096F11-30F2-481C-8764-1D92D0B5A2E3}.Release|Any CPU.Build.0 = Release|Any CPU
	EndGlobalSection
	GlobalSection(SolutionProperties) = preSolution
		HideSolutionNode = FALSE
	EndGlobalSection
	GlobalSection(ExtensibilityGlobals) = postSolution
		SolutionGuid = {0DAAD8C1-C979-4A99-B50B-6C62841789AC}
	EndGlobalSection
EndGlobal
