
Microsoft Visual Studio Solution File, Format Version 12.00
# Visual Studio Version 16
VisualStudioVersion = 16.0.29306.81
MinimumVisualStudioVersion = 10.0.40219.1
Project("{FAE04EC0-301F-11D3-BF4B-00C04F79EFBC}") = "ClassWork2", "ClassWork2\ClassWork2.csproj", "{7520B2A5-6638-460A-9FDD-C7BDEA145AEC}"
EndProject
Global
	GlobalSection(SolutionConfigurationPlatforms) = preSolution
		Debug|Any CPU = Debug|Any CPU
		Release|Any CPU = Release|Any CPU
	EndGlobalSection
	GlobalSection(ProjectConfigurationPlatforms) = postSolution
		{7520B2A5-6638-460A-9FDD-C7BDEA145AEC}.Debug|Any CPU.ActiveCfg = Debug|Any CPU
		{7520B2A5-6638-460A-9FDD-C7BDEA145AEC}.Debug|Any CPU.Build.0 = Debug|Any CPU
		{7520B2A5-6638-460A-9FDD-C7BDEA145AEC}.Release|Any CPU.ActiveCfg = Release|Any CPU
		{7520B2A5-6638-460A-9FDD-C7BDEA145AEC}.Release|Any CPU.Build.0 = Release|Any CPU
	EndGlobalSection
	GlobalSection(SolutionProperties) = preSolution
		HideSolutionNode = FALSE
	EndGlobalSection
	GlobalSection(ExtensibilityGlobals) = postSolution
		SolutionGuid = {9002424D-8500-4CB1-AA0D-427647D80B7D}
	EndGlobalSection
EndGlobal
